// !$*UTF8*$!
{
	archiveVersion = 1;
	classes = {
	};
	objectVersion = 54;
	objects = {

/* Begin PBXBuildFile section */
		3B74B0D5E274751E31679D80 /* AppDelegate.swift in Sources */ = {isa = PBXBuildFile; fileRef = 991AB407AE502DFD494682AE /* AppDelegate.swift */; };
		A10000000000000000000002 /* LevixelDemoViewController.swift in Sources */ = {isa = PBXBuildFile; fileRef = A10000000000000000000001 /* LevixelDemoViewController.swift */; };
		A10000000000000000000004 /* .artifacts/Levixel.xcframework in Frameworks */ = {isa = PBXBuildFile; fileRef = A10000000000000000000003 /* .artifacts/Levixel.xcframework */; };
		A10000000000000000000005 /* .artifacts/Levixel.xcframework in Embed Frameworks */ = {isa = PBXBuildFile; fileRef = A10000000000000000000003 /* .artifacts/Levixel.xcframework */; settings = {ATTRIBUTES = (CodeSignOnCopy, RemoveHeadersOnCopy, ); }; };
		A10000000000000000000008 /* SceneDelegate.swift in Sources */ = {isa = PBXBuildFile; fileRef = A10000000000000000000007 /* SceneDelegate.swift */; };
		A1000000000000000000000A /* PluginListViewController.swift in Sources */ = {isa = PBXBuildFile; fileRef = A10000000000000000000009 /* PluginListViewController.swift */; };
		F2ECE55D82E50317E1E0FF22 /* Foundation.framework in Frameworks */ = {isa = PBXBuildFile; fileRef = EE24A262C888D46B87434782 /* Foundation.framework */; };
/* End PBXBuildFile section */

/* Begin PBXCopyFilesBuildPhase section */
		A10000000000000000000006 /* Embed Frameworks */ = {
			isa = PBXCopyFilesBuildPhase;
			buildActionMask = 2147483647;
			dstPath = "";
			dstSubfolderSpec = 10;
			files = (
				A10000000000000000000005 /* .artifacts/Levixel.xcframework in Embed Frameworks */,
			);
			name = "Embed Frameworks";
			runOnlyForDeploymentPostprocessing = 0;
		};
/* End PBXCopyFilesBuildPhase section */

/* Begin PBXFileReference section */
		991AB407AE502DFD494682AE /* AppDelegate.swift */ = {isa = PBXFileReference; includeInIndex = 1; lastKnownFileType = sourcecode.swift; path = AppDelegate.swift; sourceTree = "<group>"; };
		A10000000000000000000001 /* LevixelDemoViewController.swift */ = {isa = PBXFileReference; lastKnownFileType = sourcecode.swift; path = LevixelDemoViewController.swift; sourceTree = "<group>"; };
		A10000000000000000000003 /* .artifacts/Levixel.xcframework */ = {isa = PBXFileReference; lastKnownFileType = wrapper.xcframework; path = .artifacts/Levixel.xcframework; sourceTree = "<group>"; };
		A10000000000000000000007 /* SceneDelegate.swift */ = {isa = PBXFileReference; lastKnownFileType = sourcecode.swift; path = SceneDelegate.swift; sourceTree = "<group>"; };
		A10000000000000000000009 /* PluginListViewController.swift */ = {isa = PBXFileReference; lastKnownFileType = sourcecode.swift; path = PluginListViewController.swift; sourceTree = "<group>"; };
		A1000000000000000000000B /* Info.plist */ = {isa = PBXFileReference; lastKnownFileType = text.plist.xml; path = Info.plist; sourceTree = "<group>"; };
		AAF73379A2AC092456566F7D /* IosPluginsTest.app */ = {isa = PBXFileReference; explicitFileType = wrapper.application; includeInIndex = 0; path = IosPluginsTest.app; sourceTree = BUILT_PRODUCTS_DIR; };
		EE24A262C888D46B87434782 /* Foundation.framework */ = {isa = PBXFileReference; lastKnownFileType = wrapper.framework; name = Foundation.framework; path = Platforms/iPhoneOS.platform/Developer/SDKs/iPhoneOS18.0.sdk/System/Library/Frameworks/Foundation.framework; sourceTree = DEVELOPER_DIR; };
/* End PBXFileReference section */

/* Begin PBXFrameworksBuildPhase section */
		068AAA95A43CC0EF62F04544 /* Frameworks */ = {
			isa = PBXFrameworksBuildPhase;
			buildActionMask = 2147483647;
			files = (
				A10000000000000000000004 /* .artifacts/Levixel.xcframework in Frameworks */,
				F2ECE55D82E50317E1E0FF22 /* Foundation.framework in Frameworks */,
			);
			runOnlyForDeploymentPostprocessing = 0;
		};
/* End PBXFrameworksBuildPhase section */

/* Begin PBXGroup section */
		2FD5D300CE39B51E4E789ACA /* iOS */ = {
			isa = PBXGroup;
			children = (
				EE24A262C888D46B87434782 /* Foundation.framework */,
			);
			name = iOS;
			sourceTree = "<group>";
		};
		33B4BE6CE20AF9F523881325 = {
			isa = PBXGroup;
			children = (
				AEDEAC3209C49A8B1E4A17DD /* Products */,
				35AC38F263A94F03D91EDCD4 /* Frameworks */,
				F88649506EAA12E902812BD4 /* IosPluginsTest */,
			);
			sourceTree = "<group>";
		};
		35AC38F263A94F03D91EDCD4 /* Frameworks */ = {
			isa = PBXGroup;
			children = (
				A10000000000000000000003 /* .artifacts/Levixel.xcframework */,
				2FD5D300CE39B51E4E789ACA /* iOS */,
			);
			name = Frameworks;
			sourceTree = "<group>";
		};
		AEDEAC3209C49A8B1E4A17DD /* Products */ = {
			isa = PBXGroup;
			children = (
				AAF73379A2AC092456566F7D /* IosPluginsTest.app */,
			);
			name = Products;
			sourceTree = "<group>";
		};
		F88649506EAA12E902812BD4 /* IosPluginsTest */ = {
			isa = PBXGroup;
			children = (
				991AB407AE502DFD494682AE /* AppDelegate.swift */,
				A10000000000000000000007 /* SceneDelegate.swift */,
				A10000000000000000000009 /* PluginListViewController.swift */,
				A10000000000000000000001 /* LevixelDemoViewController.swift */,
				A1000000000000000000000B /* Info.plist */,
			);
			path = IosPluginsTest;
			sourceTree = "<group>";
		};
/* End PBXGroup section */

/* Begin PBXNativeTarget section */
		1DB475EA6C66D51D947BFA32 /* IosPluginsTest */ = {
			isa = PBXNativeTarget;
			buildConfigurationList = 09157EFC501F1457DC29C428 /* Build configuration list for PBXNativeTarget "IosPluginsTest" */;
			buildPhases = (
				97C5D05A7B0F0A1BC3813029 /* Sources */,
				068AAA95A43CC0EF62F04544 /* Frameworks */,
				A10000000000000000000006 /* Embed Frameworks */,
				EA7232458C4D37BD0A215E7C /* Resources */,
			);
			buildRules = (
			);
			dependencies = (
			);
			name = IosPluginsTest;
			productName = IosPluginsTest;
			productReference = AAF73379A2AC092456566F7D /* IosPluginsTest.app */;
			productType = "com.apple.product-type.application";
		};
/* End PBXNativeTarget section */

/* Begin PBXProject section */
		7303183FB83FC978EE1C371F /* Project object */ = {
			isa = PBXProject;
			attributes = {
				LastSwiftUpdateCheck = 1600;
				LastUpgradeCheck = 1600;
			};
			buildConfigurationList = B2AB191D18FB58DB799736A8 /* Build configuration list for PBXProject "IosPluginsTest" */;
			compatibilityVersion = "Xcode 3.2";
			developmentRegion = en;
			hasScannedForEncodings = 0;
			knownRegions = (
				en,
				Base,
			);
			mainGroup = 33B4BE6CE20AF9F523881325;
			productRefGroup = AEDEAC3209C49A8B1E4A17DD /* Products */;
			projectDirPath = "";
			projectRoot = "";
			targets = (
				1DB475EA6C66D51D947BFA32 /* IosPluginsTest */,
			);
		};
/* End PBXProject section */

/* Begin PBXResourcesBuildPhase section */
		EA7232458C4D37BD0A215E7C /* Resources */ = {
			isa = PBXResourcesBuildPhase;
			buildActionMask = 2147483647;
			files = (
			);
			runOnlyForDeploymentPostprocessing = 0;
		};
/* End PBXResourcesBuildPhase section */

/* Begin PBXSourcesBuildPhase section */
		97C5D05A7B0F0A1BC3813029 /* Sources */ = {
			isa = PBXSourcesBuildPhase;
			buildActionMask = 2147483647;
			files = (
				3B74B0D5E274751E31679D80 /* AppDelegate.swift in Sources */,
				A10000000000000000000008 /* SceneDelegate.swift in Sources */,
				A1000000000000000000000A /* PluginListViewController.swift in Sources */,
				A10000000000000000000002 /* LevixelDemoViewController.swift in Sources */,
			);
			runOnlyForDeploymentPostprocessing = 0;
		};
/* End PBXSourcesBuildPhase section */

/* Begin XCBuildConfiguration section */
		2CD20DCFC91E87E0791A1C44 /* Debug */ = {
			isa = XCBuildConfiguration;
			buildSettings = {
				ALWAYS_SEARCH_USER_PATHS = NO;
				CLANG_ANALYZER_NONNULL = YES;
				CLANG_ANALYZER_NUMBER_OBJECT_CONVERSION = YES_AGGRESSIVE;
				CLANG_CXX_LANGUAGE_STANDARD = "gnu++14";
				CLANG_CXX_LIBRARY = "libc++";
				CLANG_ENABLE_MODULES = YES;
				CLANG_ENABLE_OBJC_ARC = YES;
				CLANG_ENABLE_OBJC_WEAK = YES;
				CLANG_WARN_BLOCK_CAPTURE_AUTORELEASING = YES;
				CLANG_WARN_BOOL_CONVERSION = YES;
				CLANG_WARN_COMMA = YES;
				CLANG_WARN_CONSTANT_CONVERSION = YES;
				CLANG_WARN_DEPRECATED_OBJC_IMPLEMENTATIONS = YES;
				CLANG_WARN_DIRECT_OBJC_ISA_USAGE = YES_ERROR;
				CLANG_WARN_DOCUMENTATION_COMMENTS = YES;
				CLANG_WARN_EMPTY_BODY = YES;
				CLANG_WARN_ENUM_CONVERSION = YES;
				CLANG_WARN_INFINITE_RECURSION = YES;
				CLANG_WARN_INT_CONVERSION = YES;
				CLANG_WARN_NON_LITERAL_NULL_CONVERSION = YES;
				CLANG_WARN_OBJC_IMPLICIT_RETAIN_SELF = YES;
				CLANG_WARN_OBJC_LITERAL_CONVERSION = YES;
				CLANG_WARN_OBJC_ROOT_CLASS = YES_ERROR;
				CLANG_WARN_QUOTED_INCLUDE_IN_FRAMEWORK_HEADER = YES;
				CLANG_WARN_RANGE_LOOP_ANALYSIS = YES;
				CLANG_WARN_STRICT_PROTOTYPES = YES;
				CLANG_WARN_SUSPICIOUS_MOVE = YES;
				CLANG_WARN_UNGUARDED_AVAILABILITY = YES_AGGRESSIVE;
				CLANG_WARN_UNREACHABLE_CODE = YES;
				CLANG_WARN__DUPLICATE_METHOD_MATCH = YES;
				COPY_PHASE_STRIP = NO;
				DEBUG_INFORMATION_FORMAT = dwarf;
				ENABLE_STRICT_OBJC_MSGSEND = YES;
				ENABLE_TESTABILITY = YES;
				GCC_C_LANGUAGE_STANDARD = gnu11;
				GCC_DYNAMIC_NO_PIC = NO;
				GCC_NO_COMMON_BLOCKS = YES;
				GCC_OPTIMIZATION_LEVEL = 0;
				GCC_PREPROCESSOR_DEFINITIONS = (
					"DEBUG=1",
					"$(inherited)",
				);
				GCC_WARN_64_TO_32_BIT_CONVERSION = YES;
				GCC_WARN_ABOUT_RETURN_TYPE = YES_ERROR;
				GCC_WARN_UNDECLARED_SELECTOR = YES;
				GCC_WARN_UNINITIALIZED_AUTOS = YES_AGGRESSIVE;
				GCC_WARN_UNUSED_FUNCTION = YES;
				GCC_WARN_UNUSED_VARIABLE = YES;
				MTL_ENABLE_DEBUG_INFO = INCLUDE_SOURCE;
				MTL_FAST_MATH = YES;
				ONLY_ACTIVE_ARCH = YES;
				PRODUCT_NAME = "$(TARGET_NAME)";
				SWIFT_ACTIVE_COMPILATION_CONDITIONS = DEBUG;
				SWIFT_OPTIMIZATION_LEVEL = "-Onone";
				SWIFT_VERSION = 5.0;
			};
			name = Debug;
		};
		83DA534CD582A1CFFF016E9A /* Debug */ = {
			isa = XCBuildConfiguration;
			buildSettings = {
				ASSETCATALOG_COMPILER_APPICON_NAME = AppIcon;
				ASSETCATALOG_COMPILER_GLOBAL_ACCENT_COLOR_NAME = AccentColor;
				CLANG_ENABLE_OBJC_WEAK = NO;
				CURRENT_PROJECT_VERSION = 1;
				DEVELOPMENT_TEAM = CQ5QU9G4F2;
				GENERATE_INFOPLIST_FILE = NO;
				INFOPLIST_FILE = IosPluginsTest/Info.plist;
				IPHONEOS_DEPLOYMENT_TARGET = 15.0;
				LD_RUNPATH_SEARCH_PATHS = (
					"$(inherited)",
					"@executable_path/Frameworks",
				);
				MARKETING_VERSION = 1.0.0;
				PRODUCT_BUNDLE_IDENTIFIER = com.sandrox.integratedplugins.iostest;
				PRODUCT_NAME = "$(TARGET_NAME)";
				SDKROOT = iphoneos;
				SWIFT_EMIT_LOC_STRINGS = YES;
				TARGETED_DEVICE_FAMILY = "1,2";
			};
			name = Debug;
		};
		B0F011D5B152717DB43E8756 /* Release */ = {
			isa = XCBuildConfiguration;
			buildSettings = {
				ASSETCATALOG_COMPILER_APPICON_NAME = AppIcon;
				ASSETCATALOG_COMPILER_GLOBAL_ACCENT_COLOR_NAME = AccentColor;
				CLANG_ENABLE_OBJC_WEAK = NO;
				CURRENT_PROJECT_VERSION = 1;
				DEVELOPMENT_TEAM = CQ5QU9G4F2;
				GENERATE_INFOPLIST_FILE = NO;
				INFOPLIST_FILE = IosPluginsTest/Info.plist;
				IPHONEOS_DEPLOYMENT_TARGET = 15.0;
				LD_RUNPATH_SEARCH_PATHS = (
					"$(inherited)",
					"@executable_path/Frameworks",
				);
				MARKETING_VERSION = 1.0.0;
				PRODUCT_BUNDLE_IDENTIFIER = com.sandrox.integratedplugins.iostest;
				PRODUCT_NAME = "$(TARGET_NAME)";
				SDKROOT = iphoneos;
				SWIFT_EMIT_LOC_STRINGS = YES;
				TARGETED_DEVICE_FAMILY = "1,2";
				VALIDATE_PRODUCT = YES;
			};
			name = Release;
		};
		C69CFE14C5CDCB07877D1E7B /* Release */ = {
			isa = XCBuildConfiguration;
			buildSettings = {
				ALWAYS_SEARCH_USER_PATHS = NO;
				CLANG_ANALYZER_NONNULL = YES;
				CLANG_ANALYZER_NUMBER_OBJECT_CONVERSION = YES_AGGRESSIVE;
				CLANG_CXX_LANGUAGE_STANDARD = "gnu++14";
				CLANG_CXX_LIBRARY = "libc++";
				CLANG_ENABLE_MODULES = YES;
				CLANG_ENABLE_OBJC_ARC = YES;
				CLANG_ENABLE_OBJC_WEAK = YES;
				CLANG_WARN_BLOCK_CAPTURE_AUTORELEASING = YES;
				CLANG_WARN_BOOL_CONVERSION = YES;
				CLANG_WARN_COMMA = YES;
				CLANG_WARN_CONSTANT_CONVERSION = YES;
				CLANG_WARN_DEPRECATED_OBJC_IMPLEMENTATIONS = YES;
				CLANG_WARN_DIRECT_OBJC_ISA_USAGE = YES_ERROR;
				CLANG_WARN_DOCUMENTATION_COMMENTS = YES;
				CLANG_WARN_EMPTY_BODY = YES;
				CLANG_WARN_ENUM_CONVERSION = YES;
				CLANG_WARN_INFINITE_RECURSION = YES;
				CLANG_WARN_INT_CONVERSION = YES;
				CLANG_WARN_NON_LITERAL_NULL_CONVERSION = YES;
				CLANG_WARN_OBJC_IMPLICIT_RETAIN_SELF = YES;
				CLANG_WARN_OBJC_LITERAL_CONVERSION = YES;
				CLANG_WARN_OBJC_ROOT_CLASS = YES_ERROR;
				CLANG_WARN_QUOTED_INCLUDE_IN_FRAMEWORK_HEADER = YES;
				CLANG_WARN_RANGE_LOOP_ANALYSIS = YES;
				CLANG_WARN_STRICT_PROTOTYPES = YES;
				CLANG_WARN_SUSPICIOUS_MOVE = YES;
				CLANG_WARN_UNGUARDED_AVAILABILITY = YES_AGGRESSIVE;
				CLANG_WARN_UNREACHABLE_CODE = YES;
				CLANG_WARN__DUPLICATE_METHOD_MATCH = YES;
				COPY_PHASE_STRIP = NO;
				DEBUG_INFORMATION_FORMAT = "dwarf-with-dsym";
				ENABLE_NS_ASSERTIONS = NO;
				ENABLE_STRICT_OBJC_MSGSEND = YES;
				GCC_C_LANGUAGE_STANDARD = gnu11;
				GCC_NO_COMMON_BLOCKS = YES;
				GCC_WARN_64_TO_32_BIT_CONVERSION = YES;
				GCC_WARN_ABOUT_RETURN_TYPE = YES_ERROR;
				GCC_WARN_UNDECLARED_SELECTOR = YES;
				GCC_WARN_UNINITIALIZED_AUTOS = YES_AGGRESSIVE;
				GCC_WARN_UNUSED_FUNCTION = YES;
				GCC_WARN_UNUSED_VARIABLE = YES;
				MTL_ENABLE_DEBUG_INFO = NO;
				MTL_FAST_MATH = YES;
				PRODUCT_NAME = "$(TARGET_NAME)";
				SWIFT_COMPILATION_MODE = wholemodule;
				SWIFT_OPTIMIZATION_LEVEL = "-O";
				SWIFT_VERSION = 5.0;
			};
			name = Release;
		};
/* End XCBuildConfiguration section */

/* Begin XCConfigurationList section */
		09157EFC501F1457DC29C428 /* Build configuration list for PBXNativeTarget "IosPluginsTest" */ = {
			isa = XCConfigurationList;
			buildConfigurations = (
				B0F011D5B152717DB43E8756 /* Release */,
				83DA534CD582A1CFFF016E9A /* Debug */,
			);
			defaultConfigurationIsVisible = 0;
			defaultConfigurationName = Release;
		};
		B2AB191D18FB58DB799736A8 /* Build configuration list for PBXProject "IosPluginsTest" */ = {
			isa = XCConfigurationList;
			buildConfigurations = (
				2CD20DCFC91E87E0791A1C44 /* Debug */,
				C69CFE14C5CDCB07877D1E7B /* Release */,
			);
			defaultConfigurationIsVisible = 0;
			defaultConfigurationName = Release;
		};
/* End XCConfigurationList section */
	};
	rootObject = 7303183FB83FC978EE1C371F /* Project object */;
}
